
Microsoft Visual Studio Solution File, Format Version 12.00
# Visual Studio 15
VisualStudioVersion = 15.0.27004.2005
MinimumVisualStudioVersion = 10.0.40219.1
Project("{FAE04EC0-301F-11D3-BF4B-00C04F79EFBC}") = "crypto-votes", "crypto-votes\crypto-votes.csproj", "{EEB3D544-B455-4ED2-9F07-25FD13090456}"
EndProject
Global
	GlobalSection(SolutionConfigurationPlatforms) = preSolution
		Debug|Any CPU = Debug|Any CPU
		Release|Any CPU = Release|Any CPU
	EndGlobalSection
	GlobalSection(ProjectConfigurationPlatforms) = postSolution
		{EEB3D544-B455-4ED2-9F07-25FD13090456}.Debug|Any CPU.ActiveCfg = Debug|Any CPU
		{EEB3D544-B455-4ED2-9F07-25FD13090456}.Debug|Any CPU.Build.0 = Debug|Any CPU
		{EEB3D544-B455-4ED2-9F07-25FD13090456}.Release|Any CPU.ActiveCfg = Release|Any CPU
		{EEB3D544-B455-4ED2-9F07-25FD13090456}.Release|Any CPU.Build.0 = Release|Any CPU
	EndGlobalSection
	GlobalSection(SolutionProperties) = preSolution
		HideSolutionNode = FALSE
	EndGlobalSection
	GlobalSection(ExtensibilityGlobals) = postSolution
		SolutionGuid = {7D626B55-2D84-4662-B699-2626A6E68B6C}
	EndGlobalSection
EndGlobal
